
Microsoft Visual Studio Solution File, Format Version 12.00
# Visual Studio 15
VisualStudioVersion = 15.0.28307.572
MinimumVisualStudioVersion = 10.0.40219.1
Project("{FAE04EC0-301F-11D3-BF4B-00C04F79EFBC}") = "Sql_Connection_UI", "Sql_Connection_UI\Sql_Connection_UI.csproj", "{148CF46E-3C99-4659-B19C-6D853CABA05A}"
EndProject
Project("{FAE04EC0-301F-11D3-BF4B-00C04F79EFBC}") = "Order_UI", "Order_UI\Order_UI.csproj", "{007C796C-FCD8-4716-B7AA-EAFFDFF09782}"
EndProject
Global
	GlobalSection(SolutionConfigurationPlatforms) = preSolution
		Debug|Any CPU = Debug|Any CPU
		Release|Any CPU = Release|Any CPU
	EndGlobalSection
	GlobalSection(ProjectConfigurationPlatforms) = postSolution
		{148CF46E-3C99-4659-B19C-6D853CABA05A}.Debug|Any CPU.ActiveCfg = Debug|Any CPU
		{148CF46E-3C99-4659-B19C-6D853CABA05A}.Debug|Any CPU.Build.0 = Debug|Any CPU
		{148CF46E-3C99-4659-B19C-6D853CABA05A}.Release|Any CPU.ActiveCfg = Release|Any CPU
		{148CF46E-3C99-4659-B19C-6D853CABA05A}.Release|Any CPU.Build.0 = Release|Any CPU
		{007C796C-FCD8-4716-B7AA-EAFFDFF09782}.Debug|Any CPU.ActiveCfg = Debug|Any CPU
		{007C796C-FCD8-4716-B7AA-EAFFDFF09782}.Debug|Any CPU.Build.0 = Debug|Any CPU
		{007C796C-FCD8-4716-B7AA-EAFFDFF09782}.Release|Any CPU.ActiveCfg = Release|Any CPU
		{007C796C-FCD8-4716-B7AA-EAFFDFF09782}.Release|Any CPU.Build.0 = Release|Any CPU
	EndGlobalSection
	GlobalSection(SolutionProperties) = preSolution
		HideSolutionNode = FALSE
	EndGlobalSection
	GlobalSection(ExtensibilityGlobals) = postSolution
		SolutionGuid = {D7C8754E-FF06-4072-AEDF-25EA75502F8B}
	EndGlobalSection
EndGlobal
